{
  "name": "undefinedd",
  "version": "0.0.0",
  "lockfileVersion": 1,
  "requires": true,
  "dependencies": {
    "bloat": {
      "version": "1.0.3",
      "resolved": "https://registry.npmjs.org/bloat/-/bloat-1.0.3.tgz",
      "integrity": "sha1-MCyjFDjv2QhQvL3ycZ7bZFSZj+8=",
      "requires": {
        "carve": "^1.0.4",
        "event-bridge": "^3.0.0",
        "the-dom-box": "^1.1.0"
      }
    },
    "boom": {
      "version": "7.2.0",
      "resolved": "https://registry.npmjs.org/boom/-/boom-7.2.0.tgz",
      "integrity": "sha1-K/8kpVVldn/ehp7ICDF+sQxI6WY=",
      "requires": {
        "hoek": "5.x.x"
      }
    },
    "broken": {
      "version": "0.1.13",
      "resolved": "https://registry.npmjs.org/broken/-/broken-0.1.13.tgz",
      "integrity": "sha1-4R7YMI92o0paUrntAnOYTFPWGEA="
    },
    "carve": {
      "version": "1.3.0",
      "resolved": "https://registry.npmjs.org/carve/-/carve-1.3.0.tgz",
      "integrity": "sha1-6QYdUVba6ZinLD8+/Bk0w8Q/FhI=",
      "requires": {
        "style-properties": "^1.0.1",
        "the-dom-box": "^1.0.2"
      }
    },
    "event-bridge": {
      "version": "3.5.0",
      "resolved": "https://registry.npmjs.org/event-bridge/-/event-bridge-3.5.0.tgz",
      "integrity": "sha512-L/8uK4MLJaAUkw0TceJw5mhbNsp7BkhZtmKgiL1YaHGlsfulMmbWDEJTE7I6Msts/U589hWK6GEqC5CSoPKOzw=="
    },
    "hoek": {
      "version": "5.0.3",
      "resolved": "https://registry.npmjs.org/hoek/-/hoek-5.0.3.tgz",
      "integrity": "sha512-Bmr56pxML1c9kU+NS51SMFkiVQAb+9uFfXwyqR2tn4w2FPvmPt65eZ9aCcEfRXd9G74HkZnILC6p967pED4aiw=="
    },
    "iselement": {
      "version": "1.1.4",
      "resolved": "https://registry.npmjs.org/iselement/-/iselement-1.1.4.tgz",
      "integrity": "sha1-flW1Ko68pQp+LoDluNKEDzI1MUY="
    },
    "left-pad": {
      "version": "1.3.0",
      "resolved": "https://registry.npmjs.org/left-pad/-/left-pad-1.3.0.tgz",
      "integrity": "sha512-XI5MPzVNApjAyhQzphX8BkmKsKUxD4LdyK24iZeQGinBN9yTQT3bFlCBy/aVx2HrNcqQGsdot8ghrjyrvMCoEA=="
    },
    "material-design-icons": {
      "version": "3.0.1",
      "resolved": "https://registry.npmjs.org/material-design-icons/-/material-design-icons-3.0.1.tgz",
      "integrity": "sha1-mnHEh0chjrylHlGmbaaCA4zct78="
    },
    "nulll": {
      "version": "0.0.0",
      "resolved": "https://registry.npmjs.org/nulll/-/nulll-0.0.0.tgz",
      "integrity": "sha512-xvUxUvLU+D+9eMw5Pg57dtUczuPN48NIjpo//x33EhowhOS6Y9fzKRkNNvFjN720kf/D+CSHkv15X5555/dkAw==",
      "requires": {
        "bloat": "^1.0.3",
        "broken": "^0.1.13",
        "left-pad": "^1.3.0",
        "material-design-icons": "^3.0.1",
        "spaghetti": "^0.1.1",
        "wreck": "^14.0.2"
      }
    },
    "spaghetti": {
      "version": "0.1.1",
      "resolved": "https://registry.npmjs.org/spaghetti/-/spaghetti-0.1.1.tgz",
      "integrity": "sha1-Kd3EvOgIsXrz8f6bGax6AuY/Cw0="
    },
    "style-properties": {
      "version": "1.3.1",
      "resolved": "https://registry.npmjs.org/style-properties/-/style-properties-1.3.1.tgz",
      "integrity": "sha1-f4YXQh8pWRV/CNCe7LqGiKFYVMU="
    },
    "the-dom-box": {
      "version": "1.4.3",
      "resolved": "https://registry.npmjs.org/the-dom-box/-/the-dom-box-1.4.3.tgz",
      "integrity": "sha1-nDxwjRITivL/MLinodniA18UK1Q=",
      "requires": {
        "iselement": "^1.1.4"
      }
    },
    "wreck": {
      "version": "14.0.2",
      "resolved": "https://registry.npmjs.org/wreck/-/wreck-14.0.2.tgz",
      "integrity": "sha512-QCm3omWNJUseqrSzwX2QZi1rBbmCfbFHJAXputLLyZ37VSiFnSYQB0ms/mPnSvrlIu7GVm89Y/gBNhSY26uVIQ==",
      "requires": {
        "boom": "7.x.x",
        "hoek": "5.x.x"
      }
    }
  }
}
